// !$*UTF8*$!
{
	archiveVersion = 1;
	classes = {
	};
	objectVersion = 46;
	objects = {

/* Begin PBXBuildFile section */
		3F19C09A9154A41D40AF0D4B /* Pods_Checkin.framework in Frameworks */ = {isa = PBXBuildFile; fileRef = AD9D5A692587E92CF8355CCE /* Pods_Checkin.framework */; };
		445B1E181D1710860040273F /* Launch Screen.storyboard in Resources */ = {isa = PBXBuildFile; fileRef = 445B1E171D1710860040273F /* Launch Screen.storyboard */; };
		445B1E1A1D1711D10040273F /* Icon-60@3x.png in Resources */ = {isa = PBXBuildFile; fileRef = 445B1E191D1711D10040273F /* Icon-60@3x.png */; };
		448796661DE322F200DDCA5B /* DBViewController.swift in Sources */ = {isa = PBXBuildFile; fileRef = 448796651DE322F200DDCA5B /* DBViewController.swift */; };
		449E45E61E02D7C20047F76A /* LoginViewController.swift in Sources */ = {isa = PBXBuildFile; fileRef = 449E45E41E02D7C20047F76A /* LoginViewController.swift */; };
		449E45E71E02D7C20047F76A /* LoginViewController.xib in Resources */ = {isa = PBXBuildFile; fileRef = 449E45E51E02D7C20047F76A /* LoginViewController.xib */; };
		44E4F44D1E09333600EDF8B5 /* TicketValAPI.swift in Sources */ = {isa = PBXBuildFile; fileRef = 44E4F44C1E09333600EDF8B5 /* TicketValAPI.swift */; };
		44E4F4501E09370900EDF8B5 /* EventObject.swift in Sources */ = {isa = PBXBuildFile; fileRef = 44E4F44F1E09370900EDF8B5 /* EventObject.swift */; };
		44E4F4521E0969BC00EDF8B5 /* AttendeeObject.swift in Sources */ = {isa = PBXBuildFile; fileRef = 44E4F4511E0969BC00EDF8B5 /* AttendeeObject.swift */; };
		44E4F4541E098AC800EDF8B5 /* DatabaseController.swift in Sources */ = {isa = PBXBuildFile; fileRef = 44E4F4531E098AC800EDF8B5 /* DatabaseController.swift */; };
		FA4B72E01D13FD4000C1C4C8 /* AppDelegate.swift in Sources */ = {isa = PBXBuildFile; fileRef = FA4B72DF1D13FD4000C1C4C8 /* AppDelegate.swift */; };
		FA4B72E81D13FD4000C1C4C8 /* TicketVal.xcdatamodeld in Sources */ = {isa = PBXBuildFile; fileRef = FA4B72E61D13FD4000C1C4C8 /* TicketVal.xcdatamodeld */; };
		FA4B72EA1D13FD4000C1C4C8 /* Assets.xcassets in Resources */ = {isa = PBXBuildFile; fileRef = FA4B72E91D13FD4000C1C4C8 /* Assets.xcassets */; };
		FA4B72F81D13FD4100C1C4C8 /* TicketValTests.swift in Sources */ = {isa = PBXBuildFile; fileRef = FA4B72F71D13FD4100C1C4C8 /* TicketValTests.swift */; };
		FA4B73031D13FD4100C1C4C8 /* TicketValUITests.swift in Sources */ = {isa = PBXBuildFile; fileRef = FA4B73021D13FD4100C1C4C8 /* TicketValUITests.swift */; };
		FA7E9F621D17F42B00BB21D4 /* ScanViewController.swift in Sources */ = {isa = PBXBuildFile; fileRef = FA7E9F611D17F42B00BB21D4 /* ScanViewController.swift */; };
		FAB458EE1DDC723200BF53C5 /* MainViewController.swift in Sources */ = {isa = PBXBuildFile; fileRef = FAB458ED1DDC723200BF53C5 /* MainViewController.swift */; };
		FAC9C0561D1426D000189A0C /* Main.storyboard in Resources */ = {isa = PBXBuildFile; fileRef = FAC9C0551D1426D000189A0C /* Main.storyboard */; };
/* End PBXBuildFile section */

/* Begin PBXContainerItemProxy section */
		FA4B72F41D13FD4100C1C4C8 /* PBXContainerItemProxy */ = {
			isa = PBXContainerItemProxy;
			containerPortal = FA4B72D41D13FD4000C1C4C8 /* Project object */;
			proxyType = 1;
			remoteGlobalIDString = FA4B72DB1D13FD4000C1C4C8;
			remoteInfo = TicketVal;
		};
		FA4B72FF1D13FD4100C1C4C8 /* PBXContainerItemProxy */ = {
			isa = PBXContainerItemProxy;
			containerPortal = FA4B72D41D13FD4000C1C4C8 /* Project object */;
			proxyType = 1;
			remoteGlobalIDString = FA4B72DB1D13FD4000C1C4C8;
			remoteInfo = TicketVal;
		};
/* End PBXContainerItemProxy section */

/* Begin PBXFileReference section */
		0CDF0CB7278C7DDA83AF460A /* Pods-Checkin.debug.xcconfig */ = {isa = PBXFileReference; includeInIndex = 1; lastKnownFileType = text.xcconfig; name = "Pods-Checkin.debug.xcconfig"; path = "Pods/Target Support Files/Pods-Checkin/Pods-Checkin.debug.xcconfig"; sourceTree = "<group>"; };
		3B93560AD0C0FB862F4FACDB /* Pods_CheckinTests.framework */ = {isa = PBXFileReference; explicitFileType = wrapper.framework; includeInIndex = 0; path = Pods_CheckinTests.framework; sourceTree = BUILT_PRODUCTS_DIR; };
		445B1E171D1710860040273F /* Launch Screen.storyboard */ = {isa = PBXFileReference; fileEncoding = 4; lastKnownFileType = file.storyboard; name = "Launch Screen.storyboard"; path = "../Launch Screen.storyboard"; sourceTree = "<group>"; };
		445B1E191D1711D10040273F /* Icon-60@3x.png */ = {isa = PBXFileReference; lastKnownFileType = image.png; path = "Icon-60@3x.png"; sourceTree = "<group>"; };
		448796651DE322F200DDCA5B /* DBViewController.swift */ = {isa = PBXFileReference; fileEncoding = 4; lastKnownFileType = sourcecode.swift; path = DBViewController.swift; sourceTree = "<group>"; };
		449E45E41E02D7C20047F76A /* LoginViewController.swift */ = {isa = PBXFileReference; fileEncoding = 4; lastKnownFileType = sourcecode.swift; path = LoginViewController.swift; sourceTree = "<group>"; };
		449E45E51E02D7C20047F76A /* LoginViewController.xib */ = {isa = PBXFileReference; fileEncoding = 4; lastKnownFileType = file.xib; path = LoginViewController.xib; sourceTree = "<group>"; };
		44E4F44C1E09333600EDF8B5 /* TicketValAPI.swift */ = {isa = PBXFileReference; fileEncoding = 4; lastKnownFileType = sourcecode.swift; path = TicketValAPI.swift; sourceTree = "<group>"; };
		44E4F44F1E09370900EDF8B5 /* EventObject.swift */ = {isa = PBXFileReference; fileEncoding = 4; lastKnownFileType = sourcecode.swift; path = EventObject.swift; sourceTree = "<group>"; };
		44E4F4511E0969BC00EDF8B5 /* AttendeeObject.swift */ = {isa = PBXFileReference; fileEncoding = 4; lastKnownFileType = sourcecode.swift; path = AttendeeObject.swift; sourceTree = "<group>"; };
		44E4F4531E098AC800EDF8B5 /* DatabaseController.swift */ = {isa = PBXFileReference; fileEncoding = 4; lastKnownFileType = sourcecode.swift; path = DatabaseController.swift; sourceTree = "<group>"; };
		73D431DAE7CC2D1B67E6E010 /* Pods-Checkin.release.xcconfig */ = {isa = PBXFileReference; includeInIndex = 1; lastKnownFileType = text.xcconfig; name = "Pods-Checkin.release.xcconfig"; path = "Pods/Target Support Files/Pods-Checkin/Pods-Checkin.release.xcconfig"; sourceTree = "<group>"; };
		AD9D5A692587E92CF8355CCE /* Pods_Checkin.framework */ = {isa = PBXFileReference; explicitFileType = wrapper.framework; includeInIndex = 0; path = Pods_Checkin.framework; sourceTree = BUILT_PRODUCTS_DIR; };
		E7B23B8677C08B81633420D4 /* Pods_CheckinUITests.framework */ = {isa = PBXFileReference; explicitFileType = wrapper.framework; includeInIndex = 0; path = Pods_CheckinUITests.framework; sourceTree = BUILT_PRODUCTS_DIR; };
		FA4B72DC1D13FD4000C1C4C8 /* Checkin.app */ = {isa = PBXFileReference; explicitFileType = wrapper.application; includeInIndex = 0; path = Checkin.app; sourceTree = BUILT_PRODUCTS_DIR; };
		FA4B72DF1D13FD4000C1C4C8 /* AppDelegate.swift */ = {isa = PBXFileReference; lastKnownFileType = sourcecode.swift; path = AppDelegate.swift; sourceTree = "<group>"; };
		FA4B72E71D13FD4000C1C4C8 /* TicketVal.xcdatamodel */ = {isa = PBXFileReference; lastKnownFileType = wrapper.xcdatamodel; path = TicketVal.xcdatamodel; sourceTree = "<group>"; };
		FA4B72E91D13FD4000C1C4C8 /* Assets.xcassets */ = {isa = PBXFileReference; lastKnownFileType = folder.assetcatalog; path = Assets.xcassets; sourceTree = "<group>"; };
		FA4B72EE1D13FD4000C1C4C8 /* Info.plist */ = {isa = PBXFileReference; lastKnownFileType = text.plist.xml; path = Info.plist; sourceTree = "<group>"; };
		FA4B72F31D13FD4100C1C4C8 /* CheckinTests.xctest */ = {isa = PBXFileReference; explicitFileType = wrapper.cfbundle; includeInIndex = 0; path = CheckinTests.xctest; sourceTree = BUILT_PRODUCTS_DIR; };
		FA4B72F71D13FD4100C1C4C8 /* TicketValTests.swift */ = {isa = PBXFileReference; lastKnownFileType = sourcecode.swift; path = TicketValTests.swift; sourceTree = "<group>"; };
		FA4B72F91D13FD4100C1C4C8 /* Info.plist */ = {isa = PBXFileReference; lastKnownFileType = text.plist.xml; path = Info.plist; sourceTree = "<group>"; };
		FA4B72FE1D13FD4100C1C4C8 /* CheckinUITests.xctest */ = {isa = PBXFileReference; explicitFileType = wrapper.cfbundle; includeInIndex = 0; path = CheckinUITests.xctest; sourceTree = BUILT_PRODUCTS_DIR; };
		FA4B73021D13FD4100C1C4C8 /* TicketValUITests.swift */ = {isa = PBXFileReference; lastKnownFileType = sourcecode.swift; path = TicketValUITests.swift; sourceTree = "<group>"; };
		FA4B73041D13FD4100C1C4C8 /* Info.plist */ = {isa = PBXFileReference; lastKnownFileType = text.plist.xml; path = Info.plist; sourceTree = "<group>"; };
		FA7E9F611D17F42B00BB21D4 /* ScanViewController.swift */ = {isa = PBXFileReference; fileEncoding = 4; lastKnownFileType = sourcecode.swift; path = ScanViewController.swift; sourceTree = "<group>"; };
		FAB458ED1DDC723200BF53C5 /* MainViewController.swift */ = {isa = PBXFileReference; fileEncoding = 4; lastKnownFileType = sourcecode.swift; path = MainViewController.swift; sourceTree = "<group>"; };
		FAC9C0551D1426D000189A0C /* Main.storyboard */ = {isa = PBXFileReference; fileEncoding = 4; lastKnownFileType = file.storyboard; name = Main.storyboard; path = ../Main.storyboard; sourceTree = "<group>"; };
/* End PBXFileReference section */

/* Begin PBXFrameworksBuildPhase section */
		FA4B72D91D13FD4000C1C4C8 /* Frameworks */ = {
			isa = PBXFrameworksBuildPhase;
			buildActionMask = 2147483647;
			files = (
				3F19C09A9154A41D40AF0D4B /* Pods_Checkin.framework in Frameworks */,
			);
			runOnlyForDeploymentPostprocessing = 0;
		};
		FA4B72F01D13FD4100C1C4C8 /* Frameworks */ = {
			isa = PBXFrameworksBuildPhase;
			buildActionMask = 2147483647;
			files = (
			);
			runOnlyForDeploymentPostprocessing = 0;
		};
		FA4B72FB1D13FD4100C1C4C8 /* Frameworks */ = {
			isa = PBXFrameworksBuildPhase;
			buildActionMask = 2147483647;
			files = (
			);
			runOnlyForDeploymentPostprocessing = 0;
		};
/* End PBXFrameworksBuildPhase section */

/* Begin PBXGroup section */
		44E4F44E1E09333D00EDF8B5 /* TicketValAPI */ = {
			isa = PBXGroup;
			children = (
				44E4F44C1E09333600EDF8B5 /* TicketValAPI.swift */,
				44E4F44F1E09370900EDF8B5 /* EventObject.swift */,
				44E4F4511E0969BC00EDF8B5 /* AttendeeObject.swift */,
			);
			name = TicketValAPI;
			sourceTree = "<group>";
		};
		44E4F4961E098EFC00EDF8B5 /* Models */ = {
			isa = PBXGroup;
			children = (
			);
			name = Models;
			sourceTree = "<group>";
		};
		BDD90C33B0EB8F67FC972969 /* Pods */ = {
			isa = PBXGroup;
			children = (
				0CDF0CB7278C7DDA83AF460A /* Pods-Checkin.debug.xcconfig */,
				73D431DAE7CC2D1B67E6E010 /* Pods-Checkin.release.xcconfig */,
			);
			name = Pods;
			sourceTree = "<group>";
		};
		C910C18D84757A7FD2DB69EF /* Frameworks */ = {
			isa = PBXGroup;
			children = (
				AD9D5A692587E92CF8355CCE /* Pods_Checkin.framework */,
				3B93560AD0C0FB862F4FACDB /* Pods_CheckinTests.framework */,
				E7B23B8677C08B81633420D4 /* Pods_CheckinUITests.framework */,
			);
			name = Frameworks;
			sourceTree = "<group>";
		};
		FA4B72D31D13FD4000C1C4C8 = {
			isa = PBXGroup;
			children = (
				FA4B72DE1D13FD4000C1C4C8 /* checkin */,
				FA4B72F61D13FD4100C1C4C8 /* TicketValTests */,
				FA4B73011D13FD4100C1C4C8 /* TicketValUITests */,
				FA4B72DD1D13FD4000C1C4C8 /* Products */,
				BDD90C33B0EB8F67FC972969 /* Pods */,
				C910C18D84757A7FD2DB69EF /* Frameworks */,
			);
			sourceTree = "<group>";
		};
		FA4B72DD1D13FD4000C1C4C8 /* Products */ = {
			isa = PBXGroup;
			children = (
				FA4B72DC1D13FD4000C1C4C8 /* Checkin.app */,
				FA4B72F31D13FD4100C1C4C8 /* CheckinTests.xctest */,
				FA4B72FE1D13FD4100C1C4C8 /* CheckinUITests.xctest */,
			);
			name = Products;
			sourceTree = "<group>";
		};
		FA4B72DE1D13FD4000C1C4C8 /* checkin */ = {
			isa = PBXGroup;
			children = (
				44E4F4961E098EFC00EDF8B5 /* Models */,
				44E4F44E1E09333D00EDF8B5 /* TicketValAPI */,
				445B1E191D1711D10040273F /* Icon-60@3x.png */,
				FAC9C0551D1426D000189A0C /* Main.storyboard */,
				449E45E41E02D7C20047F76A /* LoginViewController.swift */,
				449E45E51E02D7C20047F76A /* LoginViewController.xib */,
				FAB458ED1DDC723200BF53C5 /* MainViewController.swift */,
				448796651DE322F200DDCA5B /* DBViewController.swift */,
				FA7E9F611D17F42B00BB21D4 /* ScanViewController.swift */,
				FA4B72DF1D13FD4000C1C4C8 /* AppDelegate.swift */,
				445B1E171D1710860040273F /* Launch Screen.storyboard */,
				FA4B72E91D13FD4000C1C4C8 /* Assets.xcassets */,
				FA4B72EE1D13FD4000C1C4C8 /* Info.plist */,
				FA4B72E61D13FD4000C1C4C8 /* TicketVal.xcdatamodeld */,
				44E4F4531E098AC800EDF8B5 /* DatabaseController.swift */,
			);
			name = checkin;
			path = TicketVal;
			sourceTree = "<group>";
		};
		FA4B72F61D13FD4100C1C4C8 /* TicketValTests */ = {
			isa = PBXGroup;
			children = (
				FA4B72F71D13FD4100C1C4C8 /* TicketValTests.swift */,
				FA4B72F91D13FD4100C1C4C8 /* Info.plist */,
			);
			path = TicketValTests;
			sourceTree = "<group>";
		};
		FA4B73011D13FD4100C1C4C8 /* TicketValUITests */ = {
			isa = PBXGroup;
			children = (
				FA4B73021D13FD4100C1C4C8 /* TicketValUITests.swift */,
				FA4B73041D13FD4100C1C4C8 /* Info.plist */,
			);
			path = TicketValUITests;
			sourceTree = "<group>";
		};
/* End PBXGroup section */

/* Begin PBXNativeTarget section */
		FA4B72DB1D13FD4000C1C4C8 /* Checkin */ = {
			isa = PBXNativeTarget;
			buildConfigurationList = FA4B73071D13FD4100C1C4C8 /* Build configuration list for PBXNativeTarget "Checkin" */;
			buildPhases = (
				7A8D6DEFF49B4796F7CA517F /* [CP] Check Pods Manifest.lock */,
				FA4B72D81D13FD4000C1C4C8 /* Sources */,
				FA4B72D91D13FD4000C1C4C8 /* Frameworks */,
				FA4B72DA1D13FD4000C1C4C8 /* Resources */,
				639393EF44F54E8F0D01683E /* [CP] Embed Pods Frameworks */,
				7FB4ED805E19B2FCD7492B26 /* [CP] Copy Pods Resources */,
			);
			buildRules = (
			);
			dependencies = (
			);
			name = Checkin;
			productName = TicketVal;
			productReference = FA4B72DC1D13FD4000C1C4C8 /* Checkin.app */;
			productType = "com.apple.product-type.application";
		};
		FA4B72F21D13FD4100C1C4C8 /* CheckinTests */ = {
			isa = PBXNativeTarget;
			buildConfigurationList = FA4B730A1D13FD4100C1C4C8 /* Build configuration list for PBXNativeTarget "CheckinTests" */;
			buildPhases = (
				FA4B72EF1D13FD4100C1C4C8 /* Sources */,
				FA4B72F01D13FD4100C1C4C8 /* Frameworks */,
				FA4B72F11D13FD4100C1C4C8 /* Resources */,
			);
			buildRules = (
			);
			dependencies = (
				FA4B72F51D13FD4100C1C4C8 /* PBXTargetDependency */,
			);
			name = CheckinTests;
			productName = TicketValTests;
			productReference = FA4B72F31D13FD4100C1C4C8 /* CheckinTests.xctest */;
			productType = "com.apple.product-type.bundle.unit-test";
		};
		FA4B72FD1D13FD4100C1C4C8 /* CheckinUITests */ = {
			isa = PBXNativeTarget;
			buildConfigurationList = FA4B730D1D13FD4100C1C4C8 /* Build configuration list for PBXNativeTarget "CheckinUITests" */;
			buildPhases = (
				FA4B72FA1D13FD4100C1C4C8 /* Sources */,
				FA4B72FB1D13FD4100C1C4C8 /* Frameworks */,
				FA4B72FC1D13FD4100C1C4C8 /* Resources */,
			);
			buildRules = (
			);
			dependencies = (
				FA4B73001D13FD4100C1C4C8 /* PBXTargetDependency */,
			);
			name = CheckinUITests;
			productName = TicketValUITests;
			productReference = FA4B72FE1D13FD4100C1C4C8 /* CheckinUITests.xctest */;
			productType = "com.apple.product-type.bundle.ui-testing";
		};
/* End PBXNativeTarget section */

/* Begin PBXProject section */
		FA4B72D41D13FD4000C1C4C8 /* Project object */ = {
			isa = PBXProject;
			attributes = {
				LastSwiftUpdateCheck = 0730;
				LastUpgradeCheck = 0820;
				ORGANIZATIONNAME = Alex;
				TargetAttributes = {
					FA4B72DB1D13FD4000C1C4C8 = {
						CreatedOnToolsVersion = 7.3.1;
						DevelopmentTeam = 9MD8QB8CL4;
						LastSwiftMigration = 0810;
						ProvisioningStyle = Automatic;
					};
					FA4B72F21D13FD4100C1C4C8 = {
						CreatedOnToolsVersion = 7.3.1;
						LastSwiftMigration = 0810;
						TestTargetID = FA4B72DB1D13FD4000C1C4C8;
					};
					FA4B72FD1D13FD4100C1C4C8 = {
						CreatedOnToolsVersion = 7.3.1;
						LastSwiftMigration = 0810;
						TestTargetID = FA4B72DB1D13FD4000C1C4C8;
					};
				};
			};
			buildConfigurationList = FA4B72D71D13FD4000C1C4C8 /* Build configuration list for PBXProject "Checkin" */;
			compatibilityVersion = "Xcode 3.2";
			developmentRegion = English;
			hasScannedForEncodings = 0;
			knownRegions = (
				en,
				Base,
			);
			mainGroup = FA4B72D31D13FD4000C1C4C8;
			productRefGroup = FA4B72DD1D13FD4000C1C4C8 /* Products */;
			projectDirPath = "";
			projectRoot = "";
			targets = (
				FA4B72DB1D13FD4000C1C4C8 /* Checkin */,
				FA4B72F21D13FD4100C1C4C8 /* CheckinTests */,
				FA4B72FD1D13FD4100C1C4C8 /* CheckinUITests */,
			);
		};
/* End PBXProject section */

/* Begin PBXResourcesBuildPhase section */
		FA4B72DA1D13FD4000C1C4C8 /* Resources */ = {
			isa = PBXResourcesBuildPhase;
			buildActionMask = 2147483647;
			files = (
				449E45E71E02D7C20047F76A /* LoginViewController.xib in Resources */,
				445B1E1A1D1711D10040273F /* Icon-60@3x.png in Resources */,
				445B1E181D1710860040273F /* Launch Screen.storyboard in Resources */,
				FAC9C0561D1426D000189A0C /* Main.storyboard in Resources */,
				FA4B72EA1D13FD4000C1C4C8 /* Assets.xcassets in Resources */,
			);
			runOnlyForDeploymentPostprocessing = 0;
		};
		FA4B72F11D13FD4100C1C4C8 /* Resources */ = {
			isa = PBXResourcesBuildPhase;
			buildActionMask = 2147483647;
			files = (
			);
			runOnlyForDeploymentPostprocessing = 0;
		};
		FA4B72FC1D13FD4100C1C4C8 /* Resources */ = {
			isa = PBXResourcesBuildPhase;
			buildActionMask = 2147483647;
			files = (
			);
			runOnlyForDeploymentPostprocessing = 0;
		};
/* End PBXResourcesBuildPhase section */

/* Begin PBXShellScriptBuildPhase section */
		639393EF44F54E8F0D01683E /* [CP] Embed Pods Frameworks */ = {
			isa = PBXShellScriptBuildPhase;
			buildActionMask = 2147483647;
			files = (
			);
			inputPaths = (
			);
			name = "[CP] Embed Pods Frameworks";
			outputPaths = (
			);
			runOnlyForDeploymentPostprocessing = 0;
			shellPath = /bin/sh;
			shellScript = "\"${SRCROOT}/Pods/Target Support Files/Pods-Checkin/Pods-Checkin-frameworks.sh\"\n";
			showEnvVarsInLog = 0;
		};
		7A8D6DEFF49B4796F7CA517F /* [CP] Check Pods Manifest.lock */ = {
			isa = PBXShellScriptBuildPhase;
			buildActionMask = 2147483647;
			files = (
			);
			inputPaths = (
			);
			name = "[CP] Check Pods Manifest.lock";
			outputPaths = (
			);
			runOnlyForDeploymentPostprocessing = 0;
			shellPath = /bin/sh;
			shellScript = "diff \"${PODS_ROOT}/../Podfile.lock\" \"${PODS_ROOT}/Manifest.lock\" > /dev/null\nif [ $? != 0 ] ; then\n    # print error to STDERR\n    echo \"error: The sandbox is not in sync with the Podfile.lock. Run 'pod install' or update your CocoaPods installation.\" >&2\n    exit 1\nfi\n";
			showEnvVarsInLog = 0;
		};
		7FB4ED805E19B2FCD7492B26 /* [CP] Copy Pods Resources */ = {
			isa = PBXShellScriptBuildPhase;
			buildActionMask = 2147483647;
			files = (
			);
			inputPaths = (
			);
			name = "[CP] Copy Pods Resources";
			outputPaths = (
			);
			runOnlyForDeploymentPostprocessing = 0;
			shellPath = /bin/sh;
			shellScript = "\"${SRCROOT}/Pods/Target Support Files/Pods-Checkin/Pods-Checkin-resources.sh\"\n";
			showEnvVarsInLog = 0;
		};
/* End PBXShellScriptBuildPhase section */

/* Begin PBXSourcesBuildPhase section */
		FA4B72D81D13FD4000C1C4C8 /* Sources */ = {
			isa = PBXSourcesBuildPhase;
			buildActionMask = 2147483647;
			files = (
				44E4F4541E098AC800EDF8B5 /* DatabaseController.swift in Sources */,
				44E4F4501E09370900EDF8B5 /* EventObject.swift in Sources */,
				44E4F44D1E09333600EDF8B5 /* TicketValAPI.swift in Sources */,
				449E45E61E02D7C20047F76A /* LoginViewController.swift in Sources */,
				FA7E9F621D17F42B00BB21D4 /* ScanViewController.swift in Sources */,
				FA4B72E81D13FD4000C1C4C8 /* TicketVal.xcdatamodeld in Sources */,
				FA4B72E01D13FD4000C1C4C8 /* AppDelegate.swift in Sources */,
				44E4F4521E0969BC00EDF8B5 /* AttendeeObject.swift in Sources */,
				448796661DE322F200DDCA5B /* DBViewController.swift in Sources */,
				FAB458EE1DDC723200BF53C5 /* MainViewController.swift in Sources */,
			);
			runOnlyForDeploymentPostprocessing = 0;
		};
		FA4B72EF1D13FD4100C1C4C8 /* Sources */ = {
			isa = PBXSourcesBuildPhase;
			buildActionMask = 2147483647;
			files = (
				FA4B72F81D13FD4100C1C4C8 /* TicketValTests.swift in Sources */,
			);
			runOnlyForDeploymentPostprocessing = 0;
		};
		FA4B72FA1D13FD4100C1C4C8 /* Sources */ = {
			isa = PBXSourcesBuildPhase;
			buildActionMask = 2147483647;
			files = (
				FA4B73031D13FD4100C1C4C8 /* TicketValUITests.swift in Sources */,
			);
			runOnlyForDeploymentPostprocessing = 0;
		};
/* End PBXSourcesBuildPhase section */

/* Begin PBXTargetDependency section */
		FA4B72F51D13FD4100C1C4C8 /* PBXTargetDependency */ = {
			isa = PBXTargetDependency;
			target = FA4B72DB1D13FD4000C1C4C8 /* Checkin */;
			targetProxy = FA4B72F41D13FD4100C1C4C8 /* PBXContainerItemProxy */;
		};
		FA4B73001D13FD4100C1C4C8 /* PBXTargetDependency */ = {
			isa = PBXTargetDependency;
			target = FA4B72DB1D13FD4000C1C4C8 /* Checkin */;
			targetProxy = FA4B72FF1D13FD4100C1C4C8 /* PBXContainerItemProxy */;
		};
/* End PBXTargetDependency section */

/* Begin XCBuildConfiguration section */
		FA4B73051D13FD4100C1C4C8 /* Debug */ = {
			isa = XCBuildConfiguration;
			buildSettings = {
				ALWAYS_SEARCH_USER_PATHS = NO;
				CLANG_ANALYZER_NONNULL = YES;
				CLANG_CXX_LANGUAGE_STANDARD = "gnu++0x";
				CLANG_CXX_LIBRARY = "libc++";
				CLANG_ENABLE_MODULES = YES;
				CLANG_ENABLE_OBJC_ARC = YES;
				CLANG_WARN_BOOL_CONVERSION = YES;
				CLANG_WARN_CONSTANT_CONVERSION = YES;
				CLANG_WARN_DIRECT_OBJC_ISA_USAGE = YES_ERROR;
				CLANG_WARN_EMPTY_BODY = YES;
				CLANG_WARN_ENUM_CONVERSION = YES;
				CLANG_WARN_INFINITE_RECURSION = YES;
				CLANG_WARN_INT_CONVERSION = YES;
				CLANG_WARN_OBJC_ROOT_CLASS = YES_ERROR;
				CLANG_WARN_SUSPICIOUS_MOVE = YES;
				CLANG_WARN_UNREACHABLE_CODE = YES;
				CLANG_WARN__DUPLICATE_METHOD_MATCH = YES;
				"CODE_SIGN_IDENTITY[sdk=iphoneos*]" = "iPhone Developer";
				COPY_PHASE_STRIP = NO;
				DEBUG_INFORMATION_FORMAT = dwarf;
				ENABLE_STRICT_OBJC_MSGSEND = YES;
				ENABLE_TESTABILITY = YES;
				GCC_C_LANGUAGE_STANDARD = gnu99;
				GCC_DYNAMIC_NO_PIC = NO;
				GCC_NO_COMMON_BLOCKS = YES;
				GCC_OPTIMIZATION_LEVEL = 0;
				GCC_PREPROCESSOR_DEFINITIONS = (
					"DEBUG=1",
					"$(inherited)",
				);
				GCC_WARN_64_TO_32_BIT_CONVERSION = YES;
				GCC_WARN_ABOUT_RETURN_TYPE = YES_ERROR;
				GCC_WARN_UNDECLARED_SELECTOR = YES;
				GCC_WARN_UNINITIALIZED_AUTOS = YES_AGGRESSIVE;
				GCC_WARN_UNUSED_FUNCTION = YES;
				GCC_WARN_UNUSED_VARIABLE = YES;
				IPHONEOS_DEPLOYMENT_TARGET = 10.0;
				MTL_ENABLE_DEBUG_INFO = YES;
				ONLY_ACTIVE_ARCH = YES;
				SDKROOT = iphoneos;
				SWIFT_OPTIMIZATION_LEVEL = "-Onone";
			};
			name = Debug;
		};
		FA4B73061D13FD4100C1C4C8 /* Release */ = {
			isa = XCBuildConfiguration;
			buildSettings = {
				ALWAYS_SEARCH_USER_PATHS = NO;
				CLANG_ANALYZER_NONNULL = YES;
				CLANG_CXX_LANGUAGE_STANDARD = "gnu++0x";
				CLANG_CXX_LIBRARY = "libc++";
				CLANG_ENABLE_MODULES = YES;
				CLANG_ENABLE_OBJC_ARC = YES;
				CLANG_WARN_BOOL_CONVERSION = YES;
				CLANG_WARN_CONSTANT_CONVERSION = YES;
				CLANG_WARN_DIRECT_OBJC_ISA_USAGE = YES_ERROR;
				CLANG_WARN_EMPTY_BODY = YES;
				CLANG_WARN_ENUM_CONVERSION = YES;
				CLANG_WARN_INFINITE_RECURSION = YES;
				CLANG_WARN_INT_CONVERSION = YES;
				CLANG_WARN_OBJC_ROOT_CLASS = YES_ERROR;
				CLANG_WARN_SUSPICIOUS_MOVE = YES;
				CLANG_WARN_UNREACHABLE_CODE = YES;
				CLANG_WARN__DUPLICATE_METHOD_MATCH = YES;
				"CODE_SIGN_IDENTITY[sdk=iphoneos*]" = "iPhone Developer";
				COPY_PHASE_STRIP = NO;
				DEBUG_INFORMATION_FORMAT = "dwarf-with-dsym";
				ENABLE_NS_ASSERTIONS = NO;
				ENABLE_STRICT_OBJC_MSGSEND = YES;
				GCC_C_LANGUAGE_STANDARD = gnu99;
				GCC_NO_COMMON_BLOCKS = YES;
				GCC_WARN_64_TO_32_BIT_CONVERSION = YES;
				GCC_WARN_ABOUT_RETURN_TYPE = YES_ERROR;
				GCC_WARN_UNDECLARED_SELECTOR = YES;
				GCC_WARN_UNINITIALIZED_AUTOS = YES_AGGRESSIVE;
				GCC_WARN_UNUSED_FUNCTION = YES;
				GCC_WARN_UNUSED_VARIABLE = YES;
				IPHONEOS_DEPLOYMENT_TARGET = 10.0;
				MTL_ENABLE_DEBUG_INFO = NO;
				SDKROOT = iphoneos;
				SWIFT_OPTIMIZATION_LEVEL = "-Owholemodule";
				VALIDATE_PRODUCT = YES;
			};
			name = Release;
		};
		FA4B73081D13FD4100C1C4C8 /* Debug */ = {
			isa = XCBuildConfiguration;
			baseConfigurationReference = 0CDF0CB7278C7DDA83AF460A /* Pods-Checkin.debug.xcconfig */;
			buildSettings = {
				ALWAYS_EMBED_SWIFT_STANDARD_LIBRARIES = YES;
				ASSETCATALOG_COMPILER_APPICON_NAME = AppIcon;
				CODE_SIGN_IDENTITY = "iPhone Developer";
				"CODE_SIGN_IDENTITY[sdk=iphoneos*]" = "iPhone Developer";
				DEVELOPMENT_TEAM = "";
				INFOPLIST_FILE = TicketVal/Info.plist;
				LD_RUNPATH_SEARCH_PATHS = "$(inherited) @executable_path/Frameworks";
				PRODUCT_BUNDLE_IDENTIFIER = com.ticketval;
				PRODUCT_NAME = "$(TARGET_NAME)";
				PROVISIONING_PROFILE = "";
				PROVISIONING_PROFILE_SPECIFIER = "";
				SWIFT_VERSION = 3.0;
				TARGETED_DEVICE_FAMILY = 1;
			};
			name = Debug;
		};
		FA4B73091D13FD4100C1C4C8 /* Release */ = {
			isa = XCBuildConfiguration;
			baseConfigurationReference = 73D431DAE7CC2D1B67E6E010 /* Pods-Checkin.release.xcconfig */;
			buildSettings = {
				ALWAYS_EMBED_SWIFT_STANDARD_LIBRARIES = YES;
				ASSETCATALOG_COMPILER_APPICON_NAME = AppIcon;
				CODE_SIGN_IDENTITY = "iPhone Developer";
				"CODE_SIGN_IDENTITY[sdk=iphoneos*]" = "iPhone Developer";
				DEVELOPMENT_TEAM = "";
				INFOPLIST_FILE = TicketVal/Info.plist;
				LD_RUNPATH_SEARCH_PATHS = "$(inherited) @executable_path/Frameworks";
				PRODUCT_BUNDLE_IDENTIFIER = com.ticketval;
				PRODUCT_NAME = "$(TARGET_NAME)";
				PROVISIONING_PROFILE = "";
				PROVISIONING_PROFILE_SPECIFIER = "";
				SWIFT_VERSION = 3.0;
				TARGETED_DEVICE_FAMILY = 1;
			};
			name = Release;
		};
		FA4B730B1D13FD4100C1C4C8 /* Debug */ = {
			isa = XCBuildConfiguration;
			buildSettings = {
				BUNDLE_LOADER = "$(TEST_HOST)";
				INFOPLIST_FILE = TicketValTests/Info.plist;
				LD_RUNPATH_SEARCH_PATHS = "$(inherited) @executable_path/Frameworks @loader_path/Frameworks";
				PRODUCT_BUNDLE_IDENTIFIER = as.TicketValTests;
				PRODUCT_NAME = "$(TARGET_NAME)";
				SWIFT_VERSION = 3.0;
				TEST_HOST = "$(BUILT_PRODUCTS_DIR)/Checkin.app/Checkin";
			};
			name = Debug;
		};
		FA4B730C1D13FD4100C1C4C8 /* Release */ = {
			isa = XCBuildConfiguration;
			buildSettings = {
				BUNDLE_LOADER = "$(TEST_HOST)";
				INFOPLIST_FILE = TicketValTests/Info.plist;
				LD_RUNPATH_SEARCH_PATHS = "$(inherited) @executable_path/Frameworks @loader_path/Frameworks";
				PRODUCT_BUNDLE_IDENTIFIER = as.TicketValTests;
				PRODUCT_NAME = "$(TARGET_NAME)";
				SWIFT_VERSION = 3.0;
				TEST_HOST = "$(BUILT_PRODUCTS_DIR)/Checkin.app/Checkin";
			};
			name = Release;
		};
		FA4B730E1D13FD4100C1C4C8 /* Debug */ = {
			isa = XCBuildConfiguration;
			buildSettings = {
				INFOPLIST_FILE = TicketValUITests/Info.plist;
				LD_RUNPATH_SEARCH_PATHS = "$(inherited) @executable_path/Frameworks @loader_path/Frameworks";
				PRODUCT_BUNDLE_IDENTIFIER = as.TicketValUITests;
				PRODUCT_NAME = "$(TARGET_NAME)";
				SWIFT_VERSION = 3.0;
				TEST_TARGET_NAME = TicketVal;
			};
			name = Debug;
		};
		FA4B730F1D13FD4100C1C4C8 /* Release */ = {
			isa = XCBuildConfiguration;
			buildSettings = {
				INFOPLIST_FILE = TicketValUITests/Info.plist;
				LD_RUNPATH_SEARCH_PATHS = "$(inherited) @executable_path/Frameworks @loader_path/Frameworks";
				PRODUCT_BUNDLE_IDENTIFIER = as.TicketValUITests;
				PRODUCT_NAME = "$(TARGET_NAME)";
				SWIFT_VERSION = 3.0;
				TEST_TARGET_NAME = TicketVal;
			};
			name = Release;
		};
/* End XCBuildConfiguration section */

/* Begin XCConfigurationList section */
		FA4B72D71D13FD4000C1C4C8 /* Build configuration list for PBXProject "Checkin" */ = {
			isa = XCConfigurationList;
			buildConfigurations = (
				FA4B73051D13FD4100C1C4C8 /* Debug */,
				FA4B73061D13FD4100C1C4C8 /* Release */,
			);
			defaultConfigurationIsVisible = 0;
			defaultConfigurationName = Release;
		};
		FA4B73071D13FD4100C1C4C8 /* Build configuration list for PBXNativeTarget "Checkin" */ = {
			isa = XCConfigurationList;
			buildConfigurations = (
				FA4B73081D13FD4100C1C4C8 /* Debug */,
				FA4B73091D13FD4100C1C4C8 /* Release */,
			);
			defaultConfigurationIsVisible = 0;
			defaultConfigurationName = Release;
		};
		FA4B730A1D13FD4100C1C4C8 /* Build configuration list for PBXNativeTarget "CheckinTests" */ = {
			isa = XCConfigurationList;
			buildConfigurations = (
				FA4B730B1D13FD4100C1C4C8 /* Debug */,
				FA4B730C1D13FD4100C1C4C8 /* Release */,
			);
			defaultConfigurationIsVisible = 0;
			defaultConfigurationName = Release;
		};
		FA4B730D1D13FD4100C1C4C8 /* Build configuration list for PBXNativeTarget "CheckinUITests" */ = {
			isa = XCConfigurationList;
			buildConfigurations = (
				FA4B730E1D13FD4100C1C4C8 /* Debug */,
				FA4B730F1D13FD4100C1C4C8 /* Release */,
			);
			defaultConfigurationIsVisible = 0;
			defaultConfigurationName = Release;
		};
/* End XCConfigurationList section */

/* Begin XCVersionGroup section */
		FA4B72E61D13FD4000C1C4C8 /* TicketVal.xcdatamodeld */ = {
			isa = XCVersionGroup;
			children = (
				FA4B72E71D13FD4000C1C4C8 /* TicketVal.xcdatamodel */,
			);
			currentVersion = FA4B72E71D13FD4000C1C4C8 /* TicketVal.xcdatamodel */;
			path = TicketVal.xcdatamodeld;
			sourceTree = "<group>";
			versionGroupType = wrapper.xcdatamodel;
		};
/* End XCVersionGroup section */
	};
	rootObject = FA4B72D41D13FD4000C1C4C8 /* Project object */;
}
